
Microsoft Visual Studio Solution File, Format Version 12.00
# Visual Studio 2013
VisualStudioVersion = 12.0.30723.0
MinimumVisualStudioVersion = 10.0.40219.1
Project("{FAE04EC0-301F-11D3-BF4B-00C04F79EFBC}") = "linq", "linq\linq.csproj", "{61896269-F95D-47EC-99EB-861AF37A5813}"
EndProject
Project("{FAE04EC0-301F-11D3-BF4B-00C04F79EFBC}") = "Reflection-intro", "Reflection-intro\Reflection-intro.csproj", "{A2CB9FD9-BE5A-4FC0-9FD1-A3326F9E50ED}"
EndProject
Project("{FAE04EC0-301F-11D3-BF4B-00C04F79EFBC}") = "tpc15", "tpc15\tpc15.csproj", "{6FEC27F0-403B-4035-B106-6AECF4B548BD}"
EndProject
Global
	GlobalSection(SolutionConfigurationPlatforms) = preSolution
		Debug|Any CPU = Debug|Any CPU
		Release|Any CPU = Release|Any CPU
	EndGlobalSection
	GlobalSection(ProjectConfigurationPlatforms) = postSolution
		{61896269-F95D-47EC-99EB-861AF37A5813}.Debug|Any CPU.ActiveCfg = Debug|Any CPU
		{61896269-F95D-47EC-99EB-861AF37A5813}.Debug|Any CPU.Build.0 = Debug|Any CPU
		{61896269-F95D-47EC-99EB-861AF37A5813}.Release|Any CPU.ActiveCfg = Release|Any CPU
		{61896269-F95D-47EC-99EB-861AF37A5813}.Release|Any CPU.Build.0 = Release|Any CPU
		{A2CB9FD9-BE5A-4FC0-9FD1-A3326F9E50ED}.Debug|Any CPU.ActiveCfg = Debug|Any CPU
		{A2CB9FD9-BE5A-4FC0-9FD1-A3326F9E50ED}.Debug|Any CPU.Build.0 = Debug|Any CPU
		{A2CB9FD9-BE5A-4FC0-9FD1-A3326F9E50ED}.Release|Any CPU.ActiveCfg = Release|Any CPU
		{A2CB9FD9-BE5A-4FC0-9FD1-A3326F9E50ED}.Release|Any CPU.Build.0 = Release|Any CPU
		{6FEC27F0-403B-4035-B106-6AECF4B548BD}.Debug|Any CPU.ActiveCfg = Debug|Any CPU
		{6FEC27F0-403B-4035-B106-6AECF4B548BD}.Debug|Any CPU.Build.0 = Debug|Any CPU
		{6FEC27F0-403B-4035-B106-6AECF4B548BD}.Release|Any CPU.ActiveCfg = Release|Any CPU
		{6FEC27F0-403B-4035-B106-6AECF4B548BD}.Release|Any CPU.Build.0 = Release|Any CPU
	EndGlobalSection
	GlobalSection(SolutionProperties) = preSolution
		HideSolutionNode = FALSE
	EndGlobalSection
EndGlobal
